<?xml version="1.0" encoding="utf-8"?>
<Project ToolsVersion="14.0" xmlns="http://schemas.microsoft.com/developer/msbuild/2003">
  <ItemGroup>
    <Filter Include="include">
      <UniqueIdentifier>{89AF369E-F58E-B539-FEA6-40106A051C9B}</UniqueIdentifier>
    </Filter>
    <Filter Include="config">
      <UniqueIdentifier>{7B6CE4F6-670E-0FCD-50C9-22213C0A961D}</UniqueIdentifier>
    </Filter>
    <Filter Include="src">
      <UniqueIdentifier>{2DAB880B-99B4-887C-2230-9F7C8E38947C}</UniqueIdentifier>
    </Filter>
  </ItemGroup>
  <ItemGroup>
    <ClInclude Include="..\include\dim.h">
      <Filter>include</Filter>
    </ClInclude>
    <ClInclude Include="..\include\dim\address.h">
      <Filter>include</Filter>
    </ClInclude>
    <ClInclude Include="..\include\dim\app.h">
      <Filter>include</Filter>
    </ClInclude>
    <ClInclude Include="..\include\dim\charbuf.h">
      <Filter>include</Filter>
    </ClInclude>
    <ClInclude Include="..\include\dim\cli.h">
      <Filter>include</Filter>
    </ClInclude>
    <ClInclude Include="..\include\dim\config.h">
      <Filter>include</Filter>
    </ClInclude>
    <ClInclude Include="..\include\dim\console.h">
      <Filter>include</Filter>
    </ClInclude>
    <ClInclude Include="..\include\dim\file.h">
      <Filter>include</Filter>
    </ClInclude>
    <ClInclude Include="..\include\dim\handle.h">
      <Filter>include</Filter>
    </ClInclude>
    <ClInclude Include="..\include\dim\hpack.h">
      <Filter>include</Filter>
    </ClInclude>
    <ClInclude Include="..\include\dim\http.h">
      <Filter>include</Filter>
    </ClInclude>
    <ClInclude Include="..\include\dim\list.h">
      <Filter>include</Filter>
    </ClInclude>
    <ClInclude Include="..\include\dim\log.h">
      <Filter>include</Filter>
    </ClInclude>
    <ClInclude Include="..\include\dim\socket.h">
      <Filter>include</Filter>
    </ClInclude>
    <ClInclude Include="..\include\dim\task.h">
      <Filter>include</Filter>
    </ClInclude>
    <ClInclude Include="..\include\dim\tempheap.h">
      <Filter>include</Filter>
    </ClInclude>
    <ClInclude Include="..\include\dim\timer.h">
      <Filter>include</Filter>
    </ClInclude>
    <ClInclude Include="..\include\dim\tls.h">
      <Filter>include</Filter>
    </ClInclude>
    <ClInclude Include="..\include\dim\tlsrecord.h">
      <Filter>include</Filter>
    </ClInclude>
    <ClInclude Include="..\include\dim\tokentable.h">
      <Filter>include</Filter>
    </ClInclude>
    <ClInclude Include="..\include\dim\types.h">
      <Filter>include</Filter>
    </ClInclude>
    <ClInclude Include="..\include\dim\util.h">
      <Filter>include</Filter>
    </ClInclude>
    <ClInclude Include="..\include\dim\xml.h">
      <Filter>include</Filter>
    </ClInclude>
    <ClInclude Include="..\include\dim\compiler\visualc.h">
      <Filter>config</Filter>
    </ClInclude>
    <ClInclude Include="..\src\httpint.h">
      <Filter>src</Filter>
    </ClInclude>
    <ClInclude Include="..\src\intern.h">
      <Filter>src</Filter>
    </ClInclude>
    <ClInclude Include="..\src\pch.h">
      <Filter>src</Filter>
    </ClInclude>
    <ClInclude Include="..\src\tlsint.h">
      <Filter>src</Filter>
    </ClInclude>
  </ItemGroup>
  <ItemGroup>
    <ClCompile Include="..\src\address.cpp">
      <Filter>src</Filter>
    </ClCompile>
    <ClCompile Include="..\src\app.cpp">
      <Filter>src</Filter>
    </ClCompile>
    <ClCompile Include="..\src\charbuf.cpp">
      <Filter>src</Filter>
    </ClCompile>
    <ClCompile Include="..\src\file.cpp">
      <Filter>src</Filter>
    </ClCompile>
    <ClCompile Include="..\src\handle.cpp">
      <Filter>src</Filter>
    </ClCompile>
    <ClCompile Include="..\src\hash.cpp">
      <Filter>src</Filter>
    </ClCompile>
    <ClCompile Include="..\src\hpack.cpp">
      <Filter>src</Filter>
    </ClCompile>
    <ClCompile Include="..\src\httpconn.cpp">
      <Filter>src</Filter>
    </ClCompile>
    <ClCompile Include="..\src\httpmsg.cpp">
      <Filter>src</Filter>
    </ClCompile>
    <ClCompile Include="..\src\log.cpp">
      <Filter>src</Filter>
    </ClCompile>
    <ClCompile Include="..\src\pch.cpp">
      <Filter>src</Filter>
    </ClCompile>
    <ClCompile Include="..\src\task.cpp">
      <Filter>src</Filter>
    </ClCompile>
    <ClCompile Include="..\src\tempheap.cpp">
      <Filter>src</Filter>
    </ClCompile>
    <ClCompile Include="..\src\timer.cpp">
      <Filter>src</Filter>
    </ClCompile>
    <ClCompile Include="..\src\tls.cpp">
      <Filter>src</Filter>
    </ClCompile>
    <ClCompile Include="..\src\tlsmsg.cpp">
      <Filter>src</Filter>
    </ClCompile>
    <ClCompile Include="..\src\tlsrecord.cpp">
      <Filter>src</Filter>
    </ClCompile>
    <ClCompile Include="..\src\tokentable.cpp">
      <Filter>src</Filter>
    </ClCompile>
    <ClCompile Include="..\src\types.cpp">
      <Filter>src</Filter>
    </ClCompile>
    <ClCompile Include="..\src\util.cpp">
      <Filter>src</Filter>
    </ClCompile>
    <ClCompile Include="..\src\xmlbuilder.cpp">
      <Filter>src</Filter>
    </ClCompile>
    <ClCompile Include="..\src\xmlparser.cpp">
      <Filter>src</Filter>
    </ClCompile>
  </ItemGroup>
</Project>
