<?xml version="1.0" encoding="utf-8"?>
<Project ToolsVersion="14.0" xmlns="http://schemas.microsoft.com/developer/msbuild/2003">
  <ItemGroup>
    <ClInclude Include="..\src\cli\pch.h" />
  </ItemGroup>
  <ItemGroup>
    <ClCompile Include="..\src\cli\argv.cpp" />
    <ClCompile Include="..\src\cli\cli.cpp" />
    <ClCompile Include="..\src\cli\pch.cpp" />
  </ItemGroup>
</Project>
