<?xml version="1.0" encoding="utf-8"?>
<Project ToolsVersion="14.0" xmlns="http://schemas.microsoft.com/developer/msbuild/2003">
  <ItemGroup>
    <None Include="..\tools\pargen\abnf.abnf" />
  </ItemGroup>
  <ItemGroup>
    <ClInclude Include="..\tools\pargen\abnfparse.h" />
    <ClInclude Include="..\tools\pargen\intern.h" />
    <ClInclude Include="..\tools\pargen\pch.h" />
  </ItemGroup>
  <ItemGroup>
    <ClCompile Include="..\tools\pargen\abnfparse.cpp" />
    <ClCompile Include="..\tools\pargen\gen.cpp" />
    <ClCompile Include="..\tools\pargen\grammar.cpp" />
    <ClCompile Include="..\tools\pargen\pargen.cpp" />
    <ClCompile Include="..\tools\pargen\parse.cpp" />
    <ClCompile Include="..\tools\pargen\pch.cpp" />
    <ClCompile Include="..\tools\pargen\write.cpp" />
  </ItemGroup>
</Project>
