Microsoft Visual Studio Solution File, Format Version 12.00
# Visual Studio 15
Project("{2150E333-8FDC-42A3-9474-1A3956D46DE8}") = "cmake", "cmake", "{404802E5-A0AE-31A7-8A7E-B06CA7FAC0DF}"
EndProject
Project("{2150E333-8FDC-42A3-9474-1A3956D46DE8}") = "files", "files", "{ACFEFCBE-43A5-3D80-A1A6-E63DFB048337}"
EndProject
Project("{2150E333-8FDC-42A3-9474-1A3956D46DE8}") = "libs", "libs", "{CEF92B35-0173-320C-A373-6D7F7ADC528F}"
EndProject
Project("{2150E333-8FDC-42A3-9474-1A3956D46DE8}") = "tests", "tests", "{3EC60A63-9C85-35C1-BC4D-CB1103B0FE17}"
EndProject
Project("{2150E333-8FDC-42A3-9474-1A3956D46DE8}") = "tools", "tools", "{CFBBB745-C8CB-3122-9C97-E6A2148F7E7C}"
EndProject
Project("{8BC9CEB8-8B4A-11D0-8D11-00A0C91BC942}") = "ALL_BUILD", "build/ALL_BUILD.vcxproj", "{4F3948EE-2E93-3B1F-B9DC-EAE49801C21A}"
	ProjectSection(ProjectDependencies) = postProject
		{D2A08EF1-34EA-3795-95DC-DCF832F8E594} = {D2A08EF1-34EA-3795-95DC-DCF832F8E594}
		{5B6BAC94-5131-3CE6-A2F1-883D76ABEA7F} = {5B6BAC94-5131-3CE6-A2F1-883D76ABEA7F}
		{4E4F590E-A3BC-3A84-84D9-B4AE5651BB67} = {4E4F590E-A3BC-3A84-84D9-B4AE5651BB67}
		{6E469CA4-D278-302C-93DB-CC1D268A46CD} = {6E469CA4-D278-302C-93DB-CC1D268A46CD}
		{826FBAB8-1A05-34AD-AF32-484B176D2DEB} = {826FBAB8-1A05-34AD-AF32-484B176D2DEB}
		{E0061B0D-03E8-30B4-974D-A068D4752F4F} = {E0061B0D-03E8-30B4-974D-A068D4752F4F}
		{8232B112-B1A7-3A85-BE9D-C0A5A1F3B7EB} = {8232B112-B1A7-3A85-BE9D-C0A5A1F3B7EB}
		{718B71F0-3347-37D9-9632-65DED4F99851} = {718B71F0-3347-37D9-9632-65DED4F99851}
		{4846C570-6B78-384C-B473-0B7A5E692777} = {4846C570-6B78-384C-B473-0B7A5E692777}
		{507C1935-4E0B-3D0F-973F-5D5CFD1D973F} = {507C1935-4E0B-3D0F-973F-5D5CFD1D973F}
		{72D2F738-7C16-3321-B516-AAE9324CB338} = {72D2F738-7C16-3321-B516-AAE9324CB338}
		{C0A093BD-3C67-32A5-905E-875A33B2E019} = {C0A093BD-3C67-32A5-905E-875A33B2E019}
		{16F95435-D292-3281-AC4D-9D84D2CD7107} = {16F95435-D292-3281-AC4D-9D84D2CD7107}
		{112C68DA-3705-3DE0-9E2E-B92F0A402060} = {112C68DA-3705-3DE0-9E2E-B92F0A402060}
		{AE85635A-4CF5-384A-9AF4-96197F28C70B} = {AE85635A-4CF5-384A-9AF4-96197F28C70B}
		{A90F4588-82B0-30CE-AB0A-0C72B5A441E5} = {A90F4588-82B0-30CE-AB0A-0C72B5A441E5}
		{17C4908E-EE69-3E77-971F-1E33425CC2F0} = {17C4908E-EE69-3E77-971F-1E33425CC2F0}
		{A82D6FFF-4815-39B0-B671-C5EB1FACD26E} = {A82D6FFF-4815-39B0-B671-C5EB1FACD26E}
		{3EF9B2D2-106D-37DA-B72B-9821A5443210} = {3EF9B2D2-106D-37DA-B72B-9821A5443210}
		{220B82E1-7E41-3D0B-A70E-B38D16AD8A13} = {220B82E1-7E41-3D0B-A70E-B38D16AD8A13}
		{179D4B8D-0AEC-3269-B063-F313218D2880} = {179D4B8D-0AEC-3269-B063-F313218D2880}
		{C6EEEF22-13B2-3D50-BD0A-5A6A750E0868} = {C6EEEF22-13B2-3D50-BD0A-5A6A750E0868}
		{88B0F79C-2EA6-3280-92C2-0797DFB5C8FB} = {88B0F79C-2EA6-3280-92C2-0797DFB5C8FB}
		{43C88160-B777-330B-BDF4-B96DF0703FF1} = {43C88160-B777-330B-BDF4-B96DF0703FF1}
		{9D3D70D7-E488-3798-B82F-F0FC6AB3E7B6} = {9D3D70D7-E488-3798-B82F-F0FC6AB3E7B6}
		{D5E00AD2-2C85-321F-A189-EA7668F87A8C} = {D5E00AD2-2C85-321F-A189-EA7668F87A8C}
	EndProjectSection
EndProject
Project("{8BC9CEB8-8B4A-11D0-8D11-00A0C91BC942}") = "ZERO_CHECK", "build/ZERO_CHECK.vcxproj", "{D2A08EF1-34EA-3795-95DC-DCF832F8E594}"
	ProjectSection(ProjectDependencies) = postProject
	EndProjectSection
EndProject
Project("{8BC9CEB8-8B4A-11D0-8D11-00A0C91BC942}") = "about", "build/about.vcxproj", "{5B6BAC94-5131-3CE6-A2F1-883D76ABEA7F}"
	ProjectSection(ProjectDependencies) = postProject
		{D2A08EF1-34EA-3795-95DC-DCF832F8E594} = {D2A08EF1-34EA-3795-95DC-DCF832F8E594}
	EndProjectSection
EndProject
Project("{8BC9CEB8-8B4A-11D0-8D11-00A0C91BC942}") = "charbuf", "build/charbuf.vcxproj", "{4E4F590E-A3BC-3A84-84D9-B4AE5651BB67}"
	ProjectSection(ProjectDependencies) = postProject
		{D2A08EF1-34EA-3795-95DC-DCF832F8E594} = {D2A08EF1-34EA-3795-95DC-DCF832F8E594}
		{826FBAB8-1A05-34AD-AF32-484B176D2DEB} = {826FBAB8-1A05-34AD-AF32-484B176D2DEB}
		{E0061B0D-03E8-30B4-974D-A068D4752F4F} = {E0061B0D-03E8-30B4-974D-A068D4752F4F}
		{8232B112-B1A7-3A85-BE9D-C0A5A1F3B7EB} = {8232B112-B1A7-3A85-BE9D-C0A5A1F3B7EB}
		{4846C570-6B78-384C-B473-0B7A5E692777} = {4846C570-6B78-384C-B473-0B7A5E692777}
		{507C1935-4E0B-3D0F-973F-5D5CFD1D973F} = {507C1935-4E0B-3D0F-973F-5D5CFD1D973F}
		{72D2F738-7C16-3321-B516-AAE9324CB338} = {72D2F738-7C16-3321-B516-AAE9324CB338}
		{C0A093BD-3C67-32A5-905E-875A33B2E019} = {C0A093BD-3C67-32A5-905E-875A33B2E019}
		{16F95435-D292-3281-AC4D-9D84D2CD7107} = {16F95435-D292-3281-AC4D-9D84D2CD7107}
		{112C68DA-3705-3DE0-9E2E-B92F0A402060} = {112C68DA-3705-3DE0-9E2E-B92F0A402060}
		{AE85635A-4CF5-384A-9AF4-96197F28C70B} = {AE85635A-4CF5-384A-9AF4-96197F28C70B}
	EndProjectSection
EndProject
Project("{8BC9CEB8-8B4A-11D0-8D11-00A0C91BC942}") = "conf", "build/conf.vcxproj", "{6E469CA4-D278-302C-93DB-CC1D268A46CD}"
	ProjectSection(ProjectDependencies) = postProject
		{D2A08EF1-34EA-3795-95DC-DCF832F8E594} = {D2A08EF1-34EA-3795-95DC-DCF832F8E594}
	EndProjectSection
EndProject
Project("{8BC9CEB8-8B4A-11D0-8D11-00A0C91BC942}") = "dimapp-app", "build/dimapp-app.vcxproj", "{826FBAB8-1A05-34AD-AF32-484B176D2DEB}"
	ProjectSection(ProjectDependencies) = postProject
		{D2A08EF1-34EA-3795-95DC-DCF832F8E594} = {D2A08EF1-34EA-3795-95DC-DCF832F8E594}
	EndProjectSection
EndProject
Project("{8BC9CEB8-8B4A-11D0-8D11-00A0C91BC942}") = "dimapp-cli", "build/dimapp-cli.vcxproj", "{E0061B0D-03E8-30B4-974D-A068D4752F4F}"
	ProjectSection(ProjectDependencies) = postProject
		{D2A08EF1-34EA-3795-95DC-DCF832F8E594} = {D2A08EF1-34EA-3795-95DC-DCF832F8E594}
	EndProjectSection
EndProject
Project("{8BC9CEB8-8B4A-11D0-8D11-00A0C91BC942}") = "dimapp-core", "build/dimapp-core.vcxproj", "{8232B112-B1A7-3A85-BE9D-C0A5A1F3B7EB}"
	ProjectSection(ProjectDependencies) = postProject
		{D2A08EF1-34EA-3795-95DC-DCF832F8E594} = {D2A08EF1-34EA-3795-95DC-DCF832F8E594}
	EndProjectSection
EndProject
Project("{8BC9CEB8-8B4A-11D0-8D11-00A0C91BC942}") = "dimapp-cppconf", "build/dimapp-cppconf.vcxproj", "{718B71F0-3347-37D9-9632-65DED4F99851}"
	ProjectSection(ProjectDependencies) = postProject
		{D2A08EF1-34EA-3795-95DC-DCF832F8E594} = {D2A08EF1-34EA-3795-95DC-DCF832F8E594}
	EndProjectSection
EndProject
Project("{8BC9CEB8-8B4A-11D0-8D11-00A0C91BC942}") = "dimapp-json", "build/dimapp-json.vcxproj", "{4846C570-6B78-384C-B473-0B7A5E692777}"
	ProjectSection(ProjectDependencies) = postProject
		{D2A08EF1-34EA-3795-95DC-DCF832F8E594} = {D2A08EF1-34EA-3795-95DC-DCF832F8E594}
	EndProjectSection
EndProject
Project("{8BC9CEB8-8B4A-11D0-8D11-00A0C91BC942}") = "dimapp-net", "build/dimapp-net.vcxproj", "{507C1935-4E0B-3D0F-973F-5D5CFD1D973F}"
	ProjectSection(ProjectDependencies) = postProject
		{D2A08EF1-34EA-3795-95DC-DCF832F8E594} = {D2A08EF1-34EA-3795-95DC-DCF832F8E594}
	EndProjectSection
EndProject
Project("{8BC9CEB8-8B4A-11D0-8D11-00A0C91BC942}") = "dimapp-tls", "build/dimapp-tls.vcxproj", "{72D2F738-7C16-3321-B516-AAE9324CB338}"
	ProjectSection(ProjectDependencies) = postProject
		{D2A08EF1-34EA-3795-95DC-DCF832F8E594} = {D2A08EF1-34EA-3795-95DC-DCF832F8E594}
	EndProjectSection
EndProject
Project("{8BC9CEB8-8B4A-11D0-8D11-00A0C91BC942}") = "dimapp-uri", "build/dimapp-uri.vcxproj", "{C0A093BD-3C67-32A5-905E-875A33B2E019}"
	ProjectSection(ProjectDependencies) = postProject
		{D2A08EF1-34EA-3795-95DC-DCF832F8E594} = {D2A08EF1-34EA-3795-95DC-DCF832F8E594}
	EndProjectSection
EndProject
Project("{8BC9CEB8-8B4A-11D0-8D11-00A0C91BC942}") = "dimapp-win", "build/dimapp-win.vcxproj", "{16F95435-D292-3281-AC4D-9D84D2CD7107}"
	ProjectSection(ProjectDependencies) = postProject
		{D2A08EF1-34EA-3795-95DC-DCF832F8E594} = {D2A08EF1-34EA-3795-95DC-DCF832F8E594}
	EndProjectSection
EndProject
Project("{8BC9CEB8-8B4A-11D0-8D11-00A0C91BC942}") = "dimapp-wintls", "build/dimapp-wintls.vcxproj", "{112C68DA-3705-3DE0-9E2E-B92F0A402060}"
	ProjectSection(ProjectDependencies) = postProject
		{D2A08EF1-34EA-3795-95DC-DCF832F8E594} = {D2A08EF1-34EA-3795-95DC-DCF832F8E594}
	EndProjectSection
EndProject
Project("{8BC9CEB8-8B4A-11D0-8D11-00A0C91BC942}") = "dimapp-xml", "build/dimapp-xml.vcxproj", "{AE85635A-4CF5-384A-9AF4-96197F28C70B}"
	ProjectSection(ProjectDependencies) = postProject
		{D2A08EF1-34EA-3795-95DC-DCF832F8E594} = {D2A08EF1-34EA-3795-95DC-DCF832F8E594}
	EndProjectSection
EndProject
Project("{8BC9CEB8-8B4A-11D0-8D11-00A0C91BC942}") = "file", "build/file.vcxproj", "{A90F4588-82B0-30CE-AB0A-0C72B5A441E5}"
	ProjectSection(ProjectDependencies) = postProject
		{D2A08EF1-34EA-3795-95DC-DCF832F8E594} = {D2A08EF1-34EA-3795-95DC-DCF832F8E594}
		{826FBAB8-1A05-34AD-AF32-484B176D2DEB} = {826FBAB8-1A05-34AD-AF32-484B176D2DEB}
		{E0061B0D-03E8-30B4-974D-A068D4752F4F} = {E0061B0D-03E8-30B4-974D-A068D4752F4F}
		{8232B112-B1A7-3A85-BE9D-C0A5A1F3B7EB} = {8232B112-B1A7-3A85-BE9D-C0A5A1F3B7EB}
		{4846C570-6B78-384C-B473-0B7A5E692777} = {4846C570-6B78-384C-B473-0B7A5E692777}
		{507C1935-4E0B-3D0F-973F-5D5CFD1D973F} = {507C1935-4E0B-3D0F-973F-5D5CFD1D973F}
		{72D2F738-7C16-3321-B516-AAE9324CB338} = {72D2F738-7C16-3321-B516-AAE9324CB338}
		{C0A093BD-3C67-32A5-905E-875A33B2E019} = {C0A093BD-3C67-32A5-905E-875A33B2E019}
		{16F95435-D292-3281-AC4D-9D84D2CD7107} = {16F95435-D292-3281-AC4D-9D84D2CD7107}
		{112C68DA-3705-3DE0-9E2E-B92F0A402060} = {112C68DA-3705-3DE0-9E2E-B92F0A402060}
		{AE85635A-4CF5-384A-9AF4-96197F28C70B} = {AE85635A-4CF5-384A-9AF4-96197F28C70B}
	EndProjectSection
EndProject
Project("{8BC9CEB8-8B4A-11D0-8D11-00A0C91BC942}") = "h2srv", "build/h2srv.vcxproj", "{17C4908E-EE69-3E77-971F-1E33425CC2F0}"
	ProjectSection(ProjectDependencies) = postProject
		{D2A08EF1-34EA-3795-95DC-DCF832F8E594} = {D2A08EF1-34EA-3795-95DC-DCF832F8E594}
		{826FBAB8-1A05-34AD-AF32-484B176D2DEB} = {826FBAB8-1A05-34AD-AF32-484B176D2DEB}
		{E0061B0D-03E8-30B4-974D-A068D4752F4F} = {E0061B0D-03E8-30B4-974D-A068D4752F4F}
		{8232B112-B1A7-3A85-BE9D-C0A5A1F3B7EB} = {8232B112-B1A7-3A85-BE9D-C0A5A1F3B7EB}
		{4846C570-6B78-384C-B473-0B7A5E692777} = {4846C570-6B78-384C-B473-0B7A5E692777}
		{507C1935-4E0B-3D0F-973F-5D5CFD1D973F} = {507C1935-4E0B-3D0F-973F-5D5CFD1D973F}
		{72D2F738-7C16-3321-B516-AAE9324CB338} = {72D2F738-7C16-3321-B516-AAE9324CB338}
		{C0A093BD-3C67-32A5-905E-875A33B2E019} = {C0A093BD-3C67-32A5-905E-875A33B2E019}
		{16F95435-D292-3281-AC4D-9D84D2CD7107} = {16F95435-D292-3281-AC4D-9D84D2CD7107}
		{112C68DA-3705-3DE0-9E2E-B92F0A402060} = {112C68DA-3705-3DE0-9E2E-B92F0A402060}
		{AE85635A-4CF5-384A-9AF4-96197F28C70B} = {AE85635A-4CF5-384A-9AF4-96197F28C70B}
	EndProjectSection
EndProject
Project("{8BC9CEB8-8B4A-11D0-8D11-00A0C91BC942}") = "hpack", "build/hpack.vcxproj", "{A82D6FFF-4815-39B0-B671-C5EB1FACD26E}"
	ProjectSection(ProjectDependencies) = postProject
		{D2A08EF1-34EA-3795-95DC-DCF832F8E594} = {D2A08EF1-34EA-3795-95DC-DCF832F8E594}
		{826FBAB8-1A05-34AD-AF32-484B176D2DEB} = {826FBAB8-1A05-34AD-AF32-484B176D2DEB}
		{E0061B0D-03E8-30B4-974D-A068D4752F4F} = {E0061B0D-03E8-30B4-974D-A068D4752F4F}
		{8232B112-B1A7-3A85-BE9D-C0A5A1F3B7EB} = {8232B112-B1A7-3A85-BE9D-C0A5A1F3B7EB}
		{4846C570-6B78-384C-B473-0B7A5E692777} = {4846C570-6B78-384C-B473-0B7A5E692777}
		{507C1935-4E0B-3D0F-973F-5D5CFD1D973F} = {507C1935-4E0B-3D0F-973F-5D5CFD1D973F}
		{72D2F738-7C16-3321-B516-AAE9324CB338} = {72D2F738-7C16-3321-B516-AAE9324CB338}
		{C0A093BD-3C67-32A5-905E-875A33B2E019} = {C0A093BD-3C67-32A5-905E-875A33B2E019}
		{16F95435-D292-3281-AC4D-9D84D2CD7107} = {16F95435-D292-3281-AC4D-9D84D2CD7107}
		{112C68DA-3705-3DE0-9E2E-B92F0A402060} = {112C68DA-3705-3DE0-9E2E-B92F0A402060}
		{AE85635A-4CF5-384A-9AF4-96197F28C70B} = {AE85635A-4CF5-384A-9AF4-96197F28C70B}
	EndProjectSection
EndProject
Project("{8BC9CEB8-8B4A-11D0-8D11-00A0C91BC942}") = "http", "build/http.vcxproj", "{3EF9B2D2-106D-37DA-B72B-9821A5443210}"
	ProjectSection(ProjectDependencies) = postProject
		{D2A08EF1-34EA-3795-95DC-DCF832F8E594} = {D2A08EF1-34EA-3795-95DC-DCF832F8E594}
		{826FBAB8-1A05-34AD-AF32-484B176D2DEB} = {826FBAB8-1A05-34AD-AF32-484B176D2DEB}
		{E0061B0D-03E8-30B4-974D-A068D4752F4F} = {E0061B0D-03E8-30B4-974D-A068D4752F4F}
		{8232B112-B1A7-3A85-BE9D-C0A5A1F3B7EB} = {8232B112-B1A7-3A85-BE9D-C0A5A1F3B7EB}
		{4846C570-6B78-384C-B473-0B7A5E692777} = {4846C570-6B78-384C-B473-0B7A5E692777}
		{507C1935-4E0B-3D0F-973F-5D5CFD1D973F} = {507C1935-4E0B-3D0F-973F-5D5CFD1D973F}
		{72D2F738-7C16-3321-B516-AAE9324CB338} = {72D2F738-7C16-3321-B516-AAE9324CB338}
		{C0A093BD-3C67-32A5-905E-875A33B2E019} = {C0A093BD-3C67-32A5-905E-875A33B2E019}
		{16F95435-D292-3281-AC4D-9D84D2CD7107} = {16F95435-D292-3281-AC4D-9D84D2CD7107}
		{112C68DA-3705-3DE0-9E2E-B92F0A402060} = {112C68DA-3705-3DE0-9E2E-B92F0A402060}
		{AE85635A-4CF5-384A-9AF4-96197F28C70B} = {AE85635A-4CF5-384A-9AF4-96197F28C70B}
	EndProjectSection
EndProject
Project("{8BC9CEB8-8B4A-11D0-8D11-00A0C91BC942}") = "list", "build/list.vcxproj", "{220B82E1-7E41-3D0B-A70E-B38D16AD8A13}"
	ProjectSection(ProjectDependencies) = postProject
		{D2A08EF1-34EA-3795-95DC-DCF832F8E594} = {D2A08EF1-34EA-3795-95DC-DCF832F8E594}
		{826FBAB8-1A05-34AD-AF32-484B176D2DEB} = {826FBAB8-1A05-34AD-AF32-484B176D2DEB}
		{E0061B0D-03E8-30B4-974D-A068D4752F4F} = {E0061B0D-03E8-30B4-974D-A068D4752F4F}
		{8232B112-B1A7-3A85-BE9D-C0A5A1F3B7EB} = {8232B112-B1A7-3A85-BE9D-C0A5A1F3B7EB}
		{4846C570-6B78-384C-B473-0B7A5E692777} = {4846C570-6B78-384C-B473-0B7A5E692777}
		{507C1935-4E0B-3D0F-973F-5D5CFD1D973F} = {507C1935-4E0B-3D0F-973F-5D5CFD1D973F}
		{72D2F738-7C16-3321-B516-AAE9324CB338} = {72D2F738-7C16-3321-B516-AAE9324CB338}
		{C0A093BD-3C67-32A5-905E-875A33B2E019} = {C0A093BD-3C67-32A5-905E-875A33B2E019}
		{16F95435-D292-3281-AC4D-9D84D2CD7107} = {16F95435-D292-3281-AC4D-9D84D2CD7107}
		{112C68DA-3705-3DE0-9E2E-B92F0A402060} = {112C68DA-3705-3DE0-9E2E-B92F0A402060}
		{AE85635A-4CF5-384A-9AF4-96197F28C70B} = {AE85635A-4CF5-384A-9AF4-96197F28C70B}
	EndProjectSection
EndProject
Project("{8BC9CEB8-8B4A-11D0-8D11-00A0C91BC942}") = "pargen", "build/pargen.vcxproj", "{179D4B8D-0AEC-3269-B063-F313218D2880}"
	ProjectSection(ProjectDependencies) = postProject
		{D2A08EF1-34EA-3795-95DC-DCF832F8E594} = {D2A08EF1-34EA-3795-95DC-DCF832F8E594}
		{826FBAB8-1A05-34AD-AF32-484B176D2DEB} = {826FBAB8-1A05-34AD-AF32-484B176D2DEB}
		{E0061B0D-03E8-30B4-974D-A068D4752F4F} = {E0061B0D-03E8-30B4-974D-A068D4752F4F}
		{8232B112-B1A7-3A85-BE9D-C0A5A1F3B7EB} = {8232B112-B1A7-3A85-BE9D-C0A5A1F3B7EB}
		{4846C570-6B78-384C-B473-0B7A5E692777} = {4846C570-6B78-384C-B473-0B7A5E692777}
		{507C1935-4E0B-3D0F-973F-5D5CFD1D973F} = {507C1935-4E0B-3D0F-973F-5D5CFD1D973F}
		{72D2F738-7C16-3321-B516-AAE9324CB338} = {72D2F738-7C16-3321-B516-AAE9324CB338}
		{C0A093BD-3C67-32A5-905E-875A33B2E019} = {C0A093BD-3C67-32A5-905E-875A33B2E019}
		{16F95435-D292-3281-AC4D-9D84D2CD7107} = {16F95435-D292-3281-AC4D-9D84D2CD7107}
		{112C68DA-3705-3DE0-9E2E-B92F0A402060} = {112C68DA-3705-3DE0-9E2E-B92F0A402060}
		{AE85635A-4CF5-384A-9AF4-96197F28C70B} = {AE85635A-4CF5-384A-9AF4-96197F28C70B}
	EndProjectSection
EndProject
Project("{8BC9CEB8-8B4A-11D0-8D11-00A0C91BC942}") = "tls", "build/tls.vcxproj", "{C6EEEF22-13B2-3D50-BD0A-5A6A750E0868}"
	ProjectSection(ProjectDependencies) = postProject
		{D2A08EF1-34EA-3795-95DC-DCF832F8E594} = {D2A08EF1-34EA-3795-95DC-DCF832F8E594}
		{826FBAB8-1A05-34AD-AF32-484B176D2DEB} = {826FBAB8-1A05-34AD-AF32-484B176D2DEB}
		{E0061B0D-03E8-30B4-974D-A068D4752F4F} = {E0061B0D-03E8-30B4-974D-A068D4752F4F}
		{8232B112-B1A7-3A85-BE9D-C0A5A1F3B7EB} = {8232B112-B1A7-3A85-BE9D-C0A5A1F3B7EB}
		{4846C570-6B78-384C-B473-0B7A5E692777} = {4846C570-6B78-384C-B473-0B7A5E692777}
		{507C1935-4E0B-3D0F-973F-5D5CFD1D973F} = {507C1935-4E0B-3D0F-973F-5D5CFD1D973F}
		{72D2F738-7C16-3321-B516-AAE9324CB338} = {72D2F738-7C16-3321-B516-AAE9324CB338}
		{C0A093BD-3C67-32A5-905E-875A33B2E019} = {C0A093BD-3C67-32A5-905E-875A33B2E019}
		{16F95435-D292-3281-AC4D-9D84D2CD7107} = {16F95435-D292-3281-AC4D-9D84D2CD7107}
		{112C68DA-3705-3DE0-9E2E-B92F0A402060} = {112C68DA-3705-3DE0-9E2E-B92F0A402060}
		{AE85635A-4CF5-384A-9AF4-96197F28C70B} = {AE85635A-4CF5-384A-9AF4-96197F28C70B}
	EndProjectSection
EndProject
Project("{8BC9CEB8-8B4A-11D0-8D11-00A0C91BC942}") = "tnet", "build/tnet.vcxproj", "{88B0F79C-2EA6-3280-92C2-0797DFB5C8FB}"
	ProjectSection(ProjectDependencies) = postProject
		{D2A08EF1-34EA-3795-95DC-DCF832F8E594} = {D2A08EF1-34EA-3795-95DC-DCF832F8E594}
		{826FBAB8-1A05-34AD-AF32-484B176D2DEB} = {826FBAB8-1A05-34AD-AF32-484B176D2DEB}
		{E0061B0D-03E8-30B4-974D-A068D4752F4F} = {E0061B0D-03E8-30B4-974D-A068D4752F4F}
		{8232B112-B1A7-3A85-BE9D-C0A5A1F3B7EB} = {8232B112-B1A7-3A85-BE9D-C0A5A1F3B7EB}
		{4846C570-6B78-384C-B473-0B7A5E692777} = {4846C570-6B78-384C-B473-0B7A5E692777}
		{507C1935-4E0B-3D0F-973F-5D5CFD1D973F} = {507C1935-4E0B-3D0F-973F-5D5CFD1D973F}
		{72D2F738-7C16-3321-B516-AAE9324CB338} = {72D2F738-7C16-3321-B516-AAE9324CB338}
		{C0A093BD-3C67-32A5-905E-875A33B2E019} = {C0A093BD-3C67-32A5-905E-875A33B2E019}
		{16F95435-D292-3281-AC4D-9D84D2CD7107} = {16F95435-D292-3281-AC4D-9D84D2CD7107}
		{112C68DA-3705-3DE0-9E2E-B92F0A402060} = {112C68DA-3705-3DE0-9E2E-B92F0A402060}
		{AE85635A-4CF5-384A-9AF4-96197F28C70B} = {AE85635A-4CF5-384A-9AF4-96197F28C70B}
	EndProjectSection
EndProject
Project("{8BC9CEB8-8B4A-11D0-8D11-00A0C91BC942}") = "tokentable", "build/tokentable.vcxproj", "{43C88160-B777-330B-BDF4-B96DF0703FF1}"
	ProjectSection(ProjectDependencies) = postProject
		{D2A08EF1-34EA-3795-95DC-DCF832F8E594} = {D2A08EF1-34EA-3795-95DC-DCF832F8E594}
		{826FBAB8-1A05-34AD-AF32-484B176D2DEB} = {826FBAB8-1A05-34AD-AF32-484B176D2DEB}
		{E0061B0D-03E8-30B4-974D-A068D4752F4F} = {E0061B0D-03E8-30B4-974D-A068D4752F4F}
		{8232B112-B1A7-3A85-BE9D-C0A5A1F3B7EB} = {8232B112-B1A7-3A85-BE9D-C0A5A1F3B7EB}
		{4846C570-6B78-384C-B473-0B7A5E692777} = {4846C570-6B78-384C-B473-0B7A5E692777}
		{507C1935-4E0B-3D0F-973F-5D5CFD1D973F} = {507C1935-4E0B-3D0F-973F-5D5CFD1D973F}
		{72D2F738-7C16-3321-B516-AAE9324CB338} = {72D2F738-7C16-3321-B516-AAE9324CB338}
		{C0A093BD-3C67-32A5-905E-875A33B2E019} = {C0A093BD-3C67-32A5-905E-875A33B2E019}
		{16F95435-D292-3281-AC4D-9D84D2CD7107} = {16F95435-D292-3281-AC4D-9D84D2CD7107}
		{112C68DA-3705-3DE0-9E2E-B92F0A402060} = {112C68DA-3705-3DE0-9E2E-B92F0A402060}
		{AE85635A-4CF5-384A-9AF4-96197F28C70B} = {AE85635A-4CF5-384A-9AF4-96197F28C70B}
	EndProjectSection
EndProject
Project("{8BC9CEB8-8B4A-11D0-8D11-00A0C91BC942}") = "uset", "build/uset.vcxproj", "{9D3D70D7-E488-3798-B82F-F0FC6AB3E7B6}"
	ProjectSection(ProjectDependencies) = postProject
		{D2A08EF1-34EA-3795-95DC-DCF832F8E594} = {D2A08EF1-34EA-3795-95DC-DCF832F8E594}
		{826FBAB8-1A05-34AD-AF32-484B176D2DEB} = {826FBAB8-1A05-34AD-AF32-484B176D2DEB}
		{E0061B0D-03E8-30B4-974D-A068D4752F4F} = {E0061B0D-03E8-30B4-974D-A068D4752F4F}
		{8232B112-B1A7-3A85-BE9D-C0A5A1F3B7EB} = {8232B112-B1A7-3A85-BE9D-C0A5A1F3B7EB}
		{4846C570-6B78-384C-B473-0B7A5E692777} = {4846C570-6B78-384C-B473-0B7A5E692777}
		{507C1935-4E0B-3D0F-973F-5D5CFD1D973F} = {507C1935-4E0B-3D0F-973F-5D5CFD1D973F}
		{72D2F738-7C16-3321-B516-AAE9324CB338} = {72D2F738-7C16-3321-B516-AAE9324CB338}
		{C0A093BD-3C67-32A5-905E-875A33B2E019} = {C0A093BD-3C67-32A5-905E-875A33B2E019}
		{16F95435-D292-3281-AC4D-9D84D2CD7107} = {16F95435-D292-3281-AC4D-9D84D2CD7107}
		{112C68DA-3705-3DE0-9E2E-B92F0A402060} = {112C68DA-3705-3DE0-9E2E-B92F0A402060}
		{AE85635A-4CF5-384A-9AF4-96197F28C70B} = {AE85635A-4CF5-384A-9AF4-96197F28C70B}
	EndProjectSection
EndProject
Project("{8BC9CEB8-8B4A-11D0-8D11-00A0C91BC942}") = "xml", "build/xml.vcxproj", "{D5E00AD2-2C85-321F-A189-EA7668F87A8C}"
	ProjectSection(ProjectDependencies) = postProject
		{D2A08EF1-34EA-3795-95DC-DCF832F8E594} = {D2A08EF1-34EA-3795-95DC-DCF832F8E594}
		{826FBAB8-1A05-34AD-AF32-484B176D2DEB} = {826FBAB8-1A05-34AD-AF32-484B176D2DEB}
		{E0061B0D-03E8-30B4-974D-A068D4752F4F} = {E0061B0D-03E8-30B4-974D-A068D4752F4F}
		{8232B112-B1A7-3A85-BE9D-C0A5A1F3B7EB} = {8232B112-B1A7-3A85-BE9D-C0A5A1F3B7EB}
		{4846C570-6B78-384C-B473-0B7A5E692777} = {4846C570-6B78-384C-B473-0B7A5E692777}
		{507C1935-4E0B-3D0F-973F-5D5CFD1D973F} = {507C1935-4E0B-3D0F-973F-5D5CFD1D973F}
		{72D2F738-7C16-3321-B516-AAE9324CB338} = {72D2F738-7C16-3321-B516-AAE9324CB338}
		{C0A093BD-3C67-32A5-905E-875A33B2E019} = {C0A093BD-3C67-32A5-905E-875A33B2E019}
		{16F95435-D292-3281-AC4D-9D84D2CD7107} = {16F95435-D292-3281-AC4D-9D84D2CD7107}
		{112C68DA-3705-3DE0-9E2E-B92F0A402060} = {112C68DA-3705-3DE0-9E2E-B92F0A402060}
		{AE85635A-4CF5-384A-9AF4-96197F28C70B} = {AE85635A-4CF5-384A-9AF4-96197F28C70B}
	EndProjectSection
EndProject
Global
	GlobalSection(SolutionConfigurationPlatforms) = preSolution
		Debug|x64 = Debug|x64
		Release|x64 = Release|x64
	EndGlobalSection
	GlobalSection(ProjectConfigurationPlatforms) = postSolution
		{4F3948EE-2E93-3B1F-B9DC-EAE49801C21A}.Debug|x64.ActiveCfg = Debug|x64
		{4F3948EE-2E93-3B1F-B9DC-EAE49801C21A}.Release|x64.ActiveCfg = Release|x64
		{D2A08EF1-34EA-3795-95DC-DCF832F8E594}.Debug|x64.ActiveCfg = Debug|x64
		{D2A08EF1-34EA-3795-95DC-DCF832F8E594}.Debug|x64.Build.0 = Debug|x64
		{D2A08EF1-34EA-3795-95DC-DCF832F8E594}.Release|x64.ActiveCfg = Release|x64
		{D2A08EF1-34EA-3795-95DC-DCF832F8E594}.Release|x64.Build.0 = Release|x64
		{5B6BAC94-5131-3CE6-A2F1-883D76ABEA7F}.Debug|x64.ActiveCfg = Debug|x64
		{5B6BAC94-5131-3CE6-A2F1-883D76ABEA7F}.Debug|x64.Build.0 = Debug|x64
		{5B6BAC94-5131-3CE6-A2F1-883D76ABEA7F}.Release|x64.ActiveCfg = Release|x64
		{5B6BAC94-5131-3CE6-A2F1-883D76ABEA7F}.Release|x64.Build.0 = Release|x64
		{4E4F590E-A3BC-3A84-84D9-B4AE5651BB67}.Debug|x64.ActiveCfg = Debug|x64
		{4E4F590E-A3BC-3A84-84D9-B4AE5651BB67}.Debug|x64.Build.0 = Debug|x64
		{4E4F590E-A3BC-3A84-84D9-B4AE5651BB67}.Release|x64.ActiveCfg = Release|x64
		{4E4F590E-A3BC-3A84-84D9-B4AE5651BB67}.Release|x64.Build.0 = Release|x64
		{6E469CA4-D278-302C-93DB-CC1D268A46CD}.Debug|x64.ActiveCfg = Debug|x64
		{6E469CA4-D278-302C-93DB-CC1D268A46CD}.Debug|x64.Build.0 = Debug|x64
		{6E469CA4-D278-302C-93DB-CC1D268A46CD}.Release|x64.ActiveCfg = Release|x64
		{6E469CA4-D278-302C-93DB-CC1D268A46CD}.Release|x64.Build.0 = Release|x64
		{826FBAB8-1A05-34AD-AF32-484B176D2DEB}.Debug|x64.ActiveCfg = Debug|x64
		{826FBAB8-1A05-34AD-AF32-484B176D2DEB}.Debug|x64.Build.0 = Debug|x64
		{826FBAB8-1A05-34AD-AF32-484B176D2DEB}.Release|x64.ActiveCfg = Release|x64
		{826FBAB8-1A05-34AD-AF32-484B176D2DEB}.Release|x64.Build.0 = Release|x64
		{E0061B0D-03E8-30B4-974D-A068D4752F4F}.Debug|x64.ActiveCfg = Debug|x64
		{E0061B0D-03E8-30B4-974D-A068D4752F4F}.Debug|x64.Build.0 = Debug|x64
		{E0061B0D-03E8-30B4-974D-A068D4752F4F}.Release|x64.ActiveCfg = Release|x64
		{E0061B0D-03E8-30B4-974D-A068D4752F4F}.Release|x64.Build.0 = Release|x64
		{8232B112-B1A7-3A85-BE9D-C0A5A1F3B7EB}.Debug|x64.ActiveCfg = Debug|x64
		{8232B112-B1A7-3A85-BE9D-C0A5A1F3B7EB}.Debug|x64.Build.0 = Debug|x64
		{8232B112-B1A7-3A85-BE9D-C0A5A1F3B7EB}.Release|x64.ActiveCfg = Release|x64
		{8232B112-B1A7-3A85-BE9D-C0A5A1F3B7EB}.Release|x64.Build.0 = Release|x64
		{718B71F0-3347-37D9-9632-65DED4F99851}.Debug|x64.ActiveCfg = Debug|x64
		{718B71F0-3347-37D9-9632-65DED4F99851}.Debug|x64.Build.0 = Debug|x64
		{718B71F0-3347-37D9-9632-65DED4F99851}.Release|x64.ActiveCfg = Release|x64
		{718B71F0-3347-37D9-9632-65DED4F99851}.Release|x64.Build.0 = Release|x64
		{4846C570-6B78-384C-B473-0B7A5E692777}.Debug|x64.ActiveCfg = Debug|x64
		{4846C570-6B78-384C-B473-0B7A5E692777}.Debug|x64.Build.0 = Debug|x64
		{4846C570-6B78-384C-B473-0B7A5E692777}.Release|x64.ActiveCfg = Release|x64
		{4846C570-6B78-384C-B473-0B7A5E692777}.Release|x64.Build.0 = Release|x64
		{507C1935-4E0B-3D0F-973F-5D5CFD1D973F}.Debug|x64.ActiveCfg = Debug|x64
		{507C1935-4E0B-3D0F-973F-5D5CFD1D973F}.Debug|x64.Build.0 = Debug|x64
		{507C1935-4E0B-3D0F-973F-5D5CFD1D973F}.Release|x64.ActiveCfg = Release|x64
		{507C1935-4E0B-3D0F-973F-5D5CFD1D973F}.Release|x64.Build.0 = Release|x64
		{72D2F738-7C16-3321-B516-AAE9324CB338}.Debug|x64.ActiveCfg = Debug|x64
		{72D2F738-7C16-3321-B516-AAE9324CB338}.Debug|x64.Build.0 = Debug|x64
		{72D2F738-7C16-3321-B516-AAE9324CB338}.Release|x64.ActiveCfg = Release|x64
		{72D2F738-7C16-3321-B516-AAE9324CB338}.Release|x64.Build.0 = Release|x64
		{C0A093BD-3C67-32A5-905E-875A33B2E019}.Debug|x64.ActiveCfg = Debug|x64
		{C0A093BD-3C67-32A5-905E-875A33B2E019}.Debug|x64.Build.0 = Debug|x64
		{C0A093BD-3C67-32A5-905E-875A33B2E019}.Release|x64.ActiveCfg = Release|x64
		{C0A093BD-3C67-32A5-905E-875A33B2E019}.Release|x64.Build.0 = Release|x64
		{16F95435-D292-3281-AC4D-9D84D2CD7107}.Debug|x64.ActiveCfg = Debug|x64
		{16F95435-D292-3281-AC4D-9D84D2CD7107}.Debug|x64.Build.0 = Debug|x64
		{16F95435-D292-3281-AC4D-9D84D2CD7107}.Release|x64.ActiveCfg = Release|x64
		{16F95435-D292-3281-AC4D-9D84D2CD7107}.Release|x64.Build.0 = Release|x64
		{112C68DA-3705-3DE0-9E2E-B92F0A402060}.Debug|x64.ActiveCfg = Debug|x64
		{112C68DA-3705-3DE0-9E2E-B92F0A402060}.Debug|x64.Build.0 = Debug|x64
		{112C68DA-3705-3DE0-9E2E-B92F0A402060}.Release|x64.ActiveCfg = Release|x64
		{112C68DA-3705-3DE0-9E2E-B92F0A402060}.Release|x64.Build.0 = Release|x64
		{AE85635A-4CF5-384A-9AF4-96197F28C70B}.Debug|x64.ActiveCfg = Debug|x64
		{AE85635A-4CF5-384A-9AF4-96197F28C70B}.Debug|x64.Build.0 = Debug|x64
		{AE85635A-4CF5-384A-9AF4-96197F28C70B}.Release|x64.ActiveCfg = Release|x64
		{AE85635A-4CF5-384A-9AF4-96197F28C70B}.Release|x64.Build.0 = Release|x64
		{A90F4588-82B0-30CE-AB0A-0C72B5A441E5}.Debug|x64.ActiveCfg = Debug|x64
		{A90F4588-82B0-30CE-AB0A-0C72B5A441E5}.Debug|x64.Build.0 = Debug|x64
		{A90F4588-82B0-30CE-AB0A-0C72B5A441E5}.Release|x64.ActiveCfg = Release|x64
		{A90F4588-82B0-30CE-AB0A-0C72B5A441E5}.Release|x64.Build.0 = Release|x64
		{17C4908E-EE69-3E77-971F-1E33425CC2F0}.Debug|x64.ActiveCfg = Debug|x64
		{17C4908E-EE69-3E77-971F-1E33425CC2F0}.Debug|x64.Build.0 = Debug|x64
		{17C4908E-EE69-3E77-971F-1E33425CC2F0}.Release|x64.ActiveCfg = Release|x64
		{17C4908E-EE69-3E77-971F-1E33425CC2F0}.Release|x64.Build.0 = Release|x64
		{A82D6FFF-4815-39B0-B671-C5EB1FACD26E}.Debug|x64.ActiveCfg = Debug|x64
		{A82D6FFF-4815-39B0-B671-C5EB1FACD26E}.Debug|x64.Build.0 = Debug|x64
		{A82D6FFF-4815-39B0-B671-C5EB1FACD26E}.Release|x64.ActiveCfg = Release|x64
		{A82D6FFF-4815-39B0-B671-C5EB1FACD26E}.Release|x64.Build.0 = Release|x64
		{3EF9B2D2-106D-37DA-B72B-9821A5443210}.Debug|x64.ActiveCfg = Debug|x64
		{3EF9B2D2-106D-37DA-B72B-9821A5443210}.Debug|x64.Build.0 = Debug|x64
		{3EF9B2D2-106D-37DA-B72B-9821A5443210}.Release|x64.ActiveCfg = Release|x64
		{3EF9B2D2-106D-37DA-B72B-9821A5443210}.Release|x64.Build.0 = Release|x64
		{220B82E1-7E41-3D0B-A70E-B38D16AD8A13}.Debug|x64.ActiveCfg = Debug|x64
		{220B82E1-7E41-3D0B-A70E-B38D16AD8A13}.Debug|x64.Build.0 = Debug|x64
		{220B82E1-7E41-3D0B-A70E-B38D16AD8A13}.Release|x64.ActiveCfg = Release|x64
		{220B82E1-7E41-3D0B-A70E-B38D16AD8A13}.Release|x64.Build.0 = Release|x64
		{179D4B8D-0AEC-3269-B063-F313218D2880}.Debug|x64.ActiveCfg = Debug|x64
		{179D4B8D-0AEC-3269-B063-F313218D2880}.Debug|x64.Build.0 = Debug|x64
		{179D4B8D-0AEC-3269-B063-F313218D2880}.Release|x64.ActiveCfg = Release|x64
		{179D4B8D-0AEC-3269-B063-F313218D2880}.Release|x64.Build.0 = Release|x64
		{C6EEEF22-13B2-3D50-BD0A-5A6A750E0868}.Debug|x64.ActiveCfg = Debug|x64
		{C6EEEF22-13B2-3D50-BD0A-5A6A750E0868}.Debug|x64.Build.0 = Debug|x64
		{C6EEEF22-13B2-3D50-BD0A-5A6A750E0868}.Release|x64.ActiveCfg = Release|x64
		{C6EEEF22-13B2-3D50-BD0A-5A6A750E0868}.Release|x64.Build.0 = Release|x64
		{88B0F79C-2EA6-3280-92C2-0797DFB5C8FB}.Debug|x64.ActiveCfg = Debug|x64
		{88B0F79C-2EA6-3280-92C2-0797DFB5C8FB}.Debug|x64.Build.0 = Debug|x64
		{88B0F79C-2EA6-3280-92C2-0797DFB5C8FB}.Release|x64.ActiveCfg = Release|x64
		{88B0F79C-2EA6-3280-92C2-0797DFB5C8FB}.Release|x64.Build.0 = Release|x64
		{43C88160-B777-330B-BDF4-B96DF0703FF1}.Debug|x64.ActiveCfg = Debug|x64
		{43C88160-B777-330B-BDF4-B96DF0703FF1}.Debug|x64.Build.0 = Debug|x64
		{43C88160-B777-330B-BDF4-B96DF0703FF1}.Release|x64.ActiveCfg = Release|x64
		{43C88160-B777-330B-BDF4-B96DF0703FF1}.Release|x64.Build.0 = Release|x64
		{9D3D70D7-E488-3798-B82F-F0FC6AB3E7B6}.Debug|x64.ActiveCfg = Debug|x64
		{9D3D70D7-E488-3798-B82F-F0FC6AB3E7B6}.Debug|x64.Build.0 = Debug|x64
		{9D3D70D7-E488-3798-B82F-F0FC6AB3E7B6}.Release|x64.ActiveCfg = Release|x64
		{9D3D70D7-E488-3798-B82F-F0FC6AB3E7B6}.Release|x64.Build.0 = Release|x64
		{D5E00AD2-2C85-321F-A189-EA7668F87A8C}.Debug|x64.ActiveCfg = Debug|x64
		{D5E00AD2-2C85-321F-A189-EA7668F87A8C}.Debug|x64.Build.0 = Debug|x64
		{D5E00AD2-2C85-321F-A189-EA7668F87A8C}.Release|x64.ActiveCfg = Release|x64
		{D5E00AD2-2C85-321F-A189-EA7668F87A8C}.Release|x64.Build.0 = Release|x64
	EndGlobalSection
	GlobalSection(NestedProjects) = preSolution
		{4F3948EE-2E93-3B1F-B9DC-EAE49801C21A} = {404802E5-A0AE-31A7-8A7E-B06CA7FAC0DF}
		{D2A08EF1-34EA-3795-95DC-DCF832F8E594} = {404802E5-A0AE-31A7-8A7E-B06CA7FAC0DF}
		{5B6BAC94-5131-3CE6-A2F1-883D76ABEA7F} = {ACFEFCBE-43A5-3D80-A1A6-E63DFB048337}
		{6E469CA4-D278-302C-93DB-CC1D268A46CD} = {ACFEFCBE-43A5-3D80-A1A6-E63DFB048337}
		{826FBAB8-1A05-34AD-AF32-484B176D2DEB} = {CEF92B35-0173-320C-A373-6D7F7ADC528F}
		{E0061B0D-03E8-30B4-974D-A068D4752F4F} = {CEF92B35-0173-320C-A373-6D7F7ADC528F}
		{8232B112-B1A7-3A85-BE9D-C0A5A1F3B7EB} = {CEF92B35-0173-320C-A373-6D7F7ADC528F}
		{718B71F0-3347-37D9-9632-65DED4F99851} = {CEF92B35-0173-320C-A373-6D7F7ADC528F}
		{4846C570-6B78-384C-B473-0B7A5E692777} = {CEF92B35-0173-320C-A373-6D7F7ADC528F}
		{507C1935-4E0B-3D0F-973F-5D5CFD1D973F} = {CEF92B35-0173-320C-A373-6D7F7ADC528F}
		{72D2F738-7C16-3321-B516-AAE9324CB338} = {CEF92B35-0173-320C-A373-6D7F7ADC528F}
		{C0A093BD-3C67-32A5-905E-875A33B2E019} = {CEF92B35-0173-320C-A373-6D7F7ADC528F}
		{16F95435-D292-3281-AC4D-9D84D2CD7107} = {CEF92B35-0173-320C-A373-6D7F7ADC528F}
		{112C68DA-3705-3DE0-9E2E-B92F0A402060} = {CEF92B35-0173-320C-A373-6D7F7ADC528F}
		{AE85635A-4CF5-384A-9AF4-96197F28C70B} = {CEF92B35-0173-320C-A373-6D7F7ADC528F}
		{4E4F590E-A3BC-3A84-84D9-B4AE5651BB67} = {3EC60A63-9C85-35C1-BC4D-CB1103B0FE17}
		{A90F4588-82B0-30CE-AB0A-0C72B5A441E5} = {3EC60A63-9C85-35C1-BC4D-CB1103B0FE17}
		{A82D6FFF-4815-39B0-B671-C5EB1FACD26E} = {3EC60A63-9C85-35C1-BC4D-CB1103B0FE17}
		{3EF9B2D2-106D-37DA-B72B-9821A5443210} = {3EC60A63-9C85-35C1-BC4D-CB1103B0FE17}
		{220B82E1-7E41-3D0B-A70E-B38D16AD8A13} = {3EC60A63-9C85-35C1-BC4D-CB1103B0FE17}
		{C6EEEF22-13B2-3D50-BD0A-5A6A750E0868} = {3EC60A63-9C85-35C1-BC4D-CB1103B0FE17}
		{43C88160-B777-330B-BDF4-B96DF0703FF1} = {3EC60A63-9C85-35C1-BC4D-CB1103B0FE17}
		{9D3D70D7-E488-3798-B82F-F0FC6AB3E7B6} = {3EC60A63-9C85-35C1-BC4D-CB1103B0FE17}
		{D5E00AD2-2C85-321F-A189-EA7668F87A8C} = {3EC60A63-9C85-35C1-BC4D-CB1103B0FE17}
		{17C4908E-EE69-3E77-971F-1E33425CC2F0} = {CFBBB745-C8CB-3122-9C97-E6A2148F7E7C}
		{179D4B8D-0AEC-3269-B063-F313218D2880} = {CFBBB745-C8CB-3122-9C97-E6A2148F7E7C}
		{88B0F79C-2EA6-3280-92C2-0797DFB5C8FB} = {CFBBB745-C8CB-3122-9C97-E6A2148F7E7C}
	EndGlobalSection
	GlobalSection(ExtensibilityGlobals) = postSolution
	EndGlobalSection
	GlobalSection(ExtensibilityAddIns) = postSolution
	EndGlobalSection
EndGlobal
