
Microsoft Visual Studio Solution File, Format Version 12.00
# Visual Studio 2015
Project("{2150E333-8FDC-42A3-9474-1A3956D46DE8}") = "-meta", "-meta", "{484BED78-34ED-174F-1DA8-2BA309E99E9F}"
EndProject
Project("{2150E333-8FDC-42A3-9474-1A3956D46DE8}") = "tests", "tests", "{A7EFED7D-9391-1854-7C4C-2CA8688D9FA4}"
EndProject
Project("{2150E333-8FDC-42A3-9474-1A3956D46DE8}") = "tools", "tools", "{6559F37D-51FB-1D54-3AB6-31A826F7A4A4}"
EndProject
Project("{8BC9CEB8-8B4A-11D0-8D11-00A0C91BC942}") = "dimapp", "projects\dimapp.vcxproj", "{6061CCF8-4C03-F7CE-35BE-0A2321FF7D1F}"
EndProject
Project("{8BC9CEB8-8B4A-11D0-8D11-00A0C91BC942}") = "dimapp-cli", "projects\dimapp-cli.vcxproj", "{E571F860-D129-3AAE-3A31-130A2608D59E}"
EndProject
Project("{8BC9CEB8-8B4A-11D0-8D11-00A0C91BC942}") = "dimapp-win8", "projects\dimapp-win8.vcxproj", "{339A1180-9F4F-8A75-2844-844C94F88079}"
EndProject
Project("{8BC9CEB8-8B4A-11D0-8D11-00A0C91BC942}") = "-meta", "projects\-meta.vcxproj", "{19D16A0B-85E5-92BC-4E67-361CBA3A8FED}"
	ProjectSection(ProjectDependencies) = postProject
		{6061CCF8-4C03-F7CE-35BE-0A2321FF7D1F} = {6061CCF8-4C03-F7CE-35BE-0A2321FF7D1F}
		{339A1180-9F4F-8A75-2844-844C94F88079} = {339A1180-9F4F-8A75-2844-844C94F88079}
		{E571F860-D129-3AAE-3A31-130A2608D59E} = {E571F860-D129-3AAE-3A31-130A2608D59E}
	EndProjectSection
EndProject
Project("{8BC9CEB8-8B4A-11D0-8D11-00A0C91BC942}") = "cli", "projects\cli.vcxproj", "{5D66880B-C96F-887C-52EB-9E7CBEF3937C}"
	ProjectSection(ProjectDependencies) = postProject
		{6061CCF8-4C03-F7CE-35BE-0A2321FF7D1F} = {6061CCF8-4C03-F7CE-35BE-0A2321FF7D1F}
		{339A1180-9F4F-8A75-2844-844C94F88079} = {339A1180-9F4F-8A75-2844-844C94F88079}
		{E571F860-D129-3AAE-3A31-130A2608D59E} = {E571F860-D129-3AAE-3A31-130A2608D59E}
	EndProjectSection
EndProject
Project("{8BC9CEB8-8B4A-11D0-8D11-00A0C91BC942}") = "hpack", "projects\hpack.vcxproj", "{CC08980F-381D-C0C0-019F-63206D72BCF1}"
	ProjectSection(ProjectDependencies) = postProject
		{6061CCF8-4C03-F7CE-35BE-0A2321FF7D1F} = {6061CCF8-4C03-F7CE-35BE-0A2321FF7D1F}
		{339A1180-9F4F-8A75-2844-844C94F88079} = {339A1180-9F4F-8A75-2844-844C94F88079}
		{E571F860-D129-3AAE-3A31-130A2608D59E} = {E571F860-D129-3AAE-3A31-130A2608D59E}
	EndProjectSection
EndProject
Project("{8BC9CEB8-8B4A-11D0-8D11-00A0C91BC942}") = "http", "projects\http.vcxproj", "{C513987C-B14A-990D-5A37-7F10464D150F}"
	ProjectSection(ProjectDependencies) = postProject
		{6061CCF8-4C03-F7CE-35BE-0A2321FF7D1F} = {6061CCF8-4C03-F7CE-35BE-0A2321FF7D1F}
		{339A1180-9F4F-8A75-2844-844C94F88079} = {339A1180-9F4F-8A75-2844-844C94F88079}
		{E571F860-D129-3AAE-3A31-130A2608D59E} = {E571F860-D129-3AAE-3A31-130A2608D59E}
	EndProjectSection
EndProject
Project("{8BC9CEB8-8B4A-11D0-8D11-00A0C91BC942}") = "tls", "projects\tls.vcxproj", "{B8AE880B-24B8-887C-AD33-9F7C193C947C}"
	ProjectSection(ProjectDependencies) = postProject
		{6061CCF8-4C03-F7CE-35BE-0A2321FF7D1F} = {6061CCF8-4C03-F7CE-35BE-0A2321FF7D1F}
		{339A1180-9F4F-8A75-2844-844C94F88079} = {339A1180-9F4F-8A75-2844-844C94F88079}
		{E571F860-D129-3AAE-3A31-130A2608D59E} = {E571F860-D129-3AAE-3A31-130A2608D59E}
	EndProjectSection
EndProject
Project("{8BC9CEB8-8B4A-11D0-8D11-00A0C91BC942}") = "pargen", "projects\pargen.vcxproj", "{E25A3C14-CEFC-66EA-B7B7-7A3EA3F8ED3A}"
	ProjectSection(ProjectDependencies) = postProject
		{6061CCF8-4C03-F7CE-35BE-0A2321FF7D1F} = {6061CCF8-4C03-F7CE-35BE-0A2321FF7D1F}
		{339A1180-9F4F-8A75-2844-844C94F88079} = {339A1180-9F4F-8A75-2844-844C94F88079}
		{E571F860-D129-3AAE-3A31-130A2608D59E} = {E571F860-D129-3AAE-3A31-130A2608D59E}
	EndProjectSection
EndProject
Project("{8BC9CEB8-8B4A-11D0-8D11-00A0C91BC942}") = "tnet", "projects\tnet.vcxproj", "{E08C9E7C-CCC3-9F0D-75B0-851061C61B0F}"
	ProjectSection(ProjectDependencies) = postProject
		{6061CCF8-4C03-F7CE-35BE-0A2321FF7D1F} = {6061CCF8-4C03-F7CE-35BE-0A2321FF7D1F}
		{339A1180-9F4F-8A75-2844-844C94F88079} = {339A1180-9F4F-8A75-2844-844C94F88079}
		{E571F860-D129-3AAE-3A31-130A2608D59E} = {E571F860-D129-3AAE-3A31-130A2608D59E}
	EndProjectSection
EndProject
Global
	GlobalSection(SolutionConfigurationPlatforms) = preSolution
		Debug|x64 = Debug|x64
		Release|x64 = Release|x64
	EndGlobalSection
	GlobalSection(ProjectConfigurationPlatforms) = postSolution
		{6061CCF8-4C03-F7CE-35BE-0A2321FF7D1F}.Debug|x64.ActiveCfg = Debug|x64
		{6061CCF8-4C03-F7CE-35BE-0A2321FF7D1F}.Debug|x64.Build.0 = Debug|x64
		{6061CCF8-4C03-F7CE-35BE-0A2321FF7D1F}.Release|x64.ActiveCfg = Release|x64
		{6061CCF8-4C03-F7CE-35BE-0A2321FF7D1F}.Release|x64.Build.0 = Release|x64
		{E571F860-D129-3AAE-3A31-130A2608D59E}.Debug|x64.ActiveCfg = Debug|x64
		{E571F860-D129-3AAE-3A31-130A2608D59E}.Debug|x64.Build.0 = Debug|x64
		{E571F860-D129-3AAE-3A31-130A2608D59E}.Release|x64.ActiveCfg = Release|x64
		{E571F860-D129-3AAE-3A31-130A2608D59E}.Release|x64.Build.0 = Release|x64
		{339A1180-9F4F-8A75-2844-844C94F88079}.Debug|x64.ActiveCfg = Debug|x64
		{339A1180-9F4F-8A75-2844-844C94F88079}.Debug|x64.Build.0 = Debug|x64
		{339A1180-9F4F-8A75-2844-844C94F88079}.Release|x64.ActiveCfg = Release|x64
		{339A1180-9F4F-8A75-2844-844C94F88079}.Release|x64.Build.0 = Release|x64
		{19D16A0B-85E5-92BC-4E67-361CBA3A8FED}.Debug|x64.ActiveCfg = Debug|x64
		{19D16A0B-85E5-92BC-4E67-361CBA3A8FED}.Debug|x64.Build.0 = Debug|x64
		{19D16A0B-85E5-92BC-4E67-361CBA3A8FED}.Release|x64.ActiveCfg = Release|x64
		{19D16A0B-85E5-92BC-4E67-361CBA3A8FED}.Release|x64.Build.0 = Release|x64
		{5D66880B-C96F-887C-52EB-9E7CBEF3937C}.Debug|x64.ActiveCfg = Debug|x64
		{5D66880B-C96F-887C-52EB-9E7CBEF3937C}.Debug|x64.Build.0 = Debug|x64
		{5D66880B-C96F-887C-52EB-9E7CBEF3937C}.Release|x64.ActiveCfg = Release|x64
		{5D66880B-C96F-887C-52EB-9E7CBEF3937C}.Release|x64.Build.0 = Release|x64
		{CC08980F-381D-C0C0-019F-63206D72BCF1}.Debug|x64.ActiveCfg = Debug|x64
		{CC08980F-381D-C0C0-019F-63206D72BCF1}.Debug|x64.Build.0 = Debug|x64
		{CC08980F-381D-C0C0-019F-63206D72BCF1}.Release|x64.ActiveCfg = Release|x64
		{CC08980F-381D-C0C0-019F-63206D72BCF1}.Release|x64.Build.0 = Release|x64
		{C513987C-B14A-990D-5A37-7F10464D150F}.Debug|x64.ActiveCfg = Debug|x64
		{C513987C-B14A-990D-5A37-7F10464D150F}.Debug|x64.Build.0 = Debug|x64
		{C513987C-B14A-990D-5A37-7F10464D150F}.Release|x64.ActiveCfg = Release|x64
		{C513987C-B14A-990D-5A37-7F10464D150F}.Release|x64.Build.0 = Release|x64
		{B8AE880B-24B8-887C-AD33-9F7C193C947C}.Debug|x64.ActiveCfg = Debug|x64
		{B8AE880B-24B8-887C-AD33-9F7C193C947C}.Debug|x64.Build.0 = Debug|x64
		{B8AE880B-24B8-887C-AD33-9F7C193C947C}.Release|x64.ActiveCfg = Release|x64
		{B8AE880B-24B8-887C-AD33-9F7C193C947C}.Release|x64.Build.0 = Release|x64
		{E25A3C14-CEFC-66EA-B7B7-7A3EA3F8ED3A}.Debug|x64.ActiveCfg = Debug|x64
		{E25A3C14-CEFC-66EA-B7B7-7A3EA3F8ED3A}.Debug|x64.Build.0 = Debug|x64
		{E25A3C14-CEFC-66EA-B7B7-7A3EA3F8ED3A}.Release|x64.ActiveCfg = Release|x64
		{E25A3C14-CEFC-66EA-B7B7-7A3EA3F8ED3A}.Release|x64.Build.0 = Release|x64
		{E08C9E7C-CCC3-9F0D-75B0-851061C61B0F}.Debug|x64.ActiveCfg = Debug|x64
		{E08C9E7C-CCC3-9F0D-75B0-851061C61B0F}.Debug|x64.Build.0 = Debug|x64
		{E08C9E7C-CCC3-9F0D-75B0-851061C61B0F}.Release|x64.ActiveCfg = Release|x64
		{E08C9E7C-CCC3-9F0D-75B0-851061C61B0F}.Release|x64.Build.0 = Release|x64
	EndGlobalSection
	GlobalSection(SolutionProperties) = preSolution
		HideSolutionNode = FALSE
	EndGlobalSection
	GlobalSection(NestedProjects) = preSolution
		{19D16A0B-85E5-92BC-4E67-361CBA3A8FED} = {484BED78-34ED-174F-1DA8-2BA309E99E9F}
		{5D66880B-C96F-887C-52EB-9E7CBEF3937C} = {A7EFED7D-9391-1854-7C4C-2CA8688D9FA4}
		{CC08980F-381D-C0C0-019F-63206D72BCF1} = {A7EFED7D-9391-1854-7C4C-2CA8688D9FA4}
		{C513987C-B14A-990D-5A37-7F10464D150F} = {A7EFED7D-9391-1854-7C4C-2CA8688D9FA4}
		{B8AE880B-24B8-887C-AD33-9F7C193C947C} = {A7EFED7D-9391-1854-7C4C-2CA8688D9FA4}
		{E25A3C14-CEFC-66EA-B7B7-7A3EA3F8ED3A} = {6559F37D-51FB-1D54-3AB6-31A826F7A4A4}
		{E08C9E7C-CCC3-9F0D-75B0-851061C61B0F} = {6559F37D-51FB-1D54-3AB6-31A826F7A4A4}
	EndGlobalSection
EndGlobal
