Microsoft Visual Studio Solution File, Format Version 12.00
# Visual Studio 14
Project("{2150E333-8FDC-42A3-9474-1A3956D46DE8}") = "CMakePredefinedTargets", "CMakePredefinedTargets", "{0F7B7DB7-7581-3319-A753-3EAAAF8EA451}"
EndProject
Project("{2150E333-8FDC-42A3-9474-1A3956D46DE8}") = "_meta", "_meta", "{24CCB9E7-F6F1-3645-BAA3-F29811AA3D71}"
EndProject
Project("{2150E333-8FDC-42A3-9474-1A3956D46DE8}") = "tests", "tests", "{3EC60A63-9C85-35C1-BC4D-CB1103B0FE17}"
EndProject
Project("{2150E333-8FDC-42A3-9474-1A3956D46DE8}") = "tools", "tools", "{CFBBB745-C8CB-3122-9C97-E6A2148F7E7C}"
EndProject
Project("{2150E333-8FDC-42A3-9474-1A3956D46DE8}") = "vendor", "vendor", "{F8DEF5AA-8A2E-36B2-8525-B74C19588577}"
EndProject
Project("{8BC9CEB8-8B4A-11D0-8D11-00A0C91BC942}") = "ALL_BUILD", "build/ALL_BUILD.vcxproj", "{4F3948EE-2E93-3B1F-B9DC-EAE49801C21A}"
	ProjectSection(ProjectDependencies) = postProject
		{D2A08EF1-34EA-3795-95DC-DCF832F8E594} = {D2A08EF1-34EA-3795-95DC-DCF832F8E594}
		{4E4F590E-A3BC-3A84-84D9-B4AE5651BB67} = {4E4F590E-A3BC-3A84-84D9-B4AE5651BB67}
		{6028EDC3-4327-3F6D-AEDA-671CCF746B9E} = {6028EDC3-4327-3F6D-AEDA-671CCF746B9E}
		{E0061B0D-03E8-30B4-974D-A068D4752F4F} = {E0061B0D-03E8-30B4-974D-A068D4752F4F}
		{FEB7EDE2-B829-3F0A-B2DE-A47B99B001E5} = {FEB7EDE2-B829-3F0A-B2DE-A47B99B001E5}
		{AE85635A-4CF5-384A-9AF4-96197F28C70B} = {AE85635A-4CF5-384A-9AF4-96197F28C70B}
		{17C4908E-EE69-3E77-971F-1E33425CC2F0} = {17C4908E-EE69-3E77-971F-1E33425CC2F0}
		{A82D6FFF-4815-39B0-B671-C5EB1FACD26E} = {A82D6FFF-4815-39B0-B671-C5EB1FACD26E}
		{3EF9B2D2-106D-37DA-B72B-9821A5443210} = {3EF9B2D2-106D-37DA-B72B-9821A5443210}
		{179D4B8D-0AEC-3269-B063-F313218D2880} = {179D4B8D-0AEC-3269-B063-F313218D2880}
		{C6EEEF22-13B2-3D50-BD0A-5A6A750E0868} = {C6EEEF22-13B2-3D50-BD0A-5A6A750E0868}
		{88B0F79C-2EA6-3280-92C2-0797DFB5C8FB} = {88B0F79C-2EA6-3280-92C2-0797DFB5C8FB}
		{D5E00AD2-2C85-321F-A189-EA7668F87A8C} = {D5E00AD2-2C85-321F-A189-EA7668F87A8C}
	EndProjectSection
EndProject
Project("{8BC9CEB8-8B4A-11D0-8D11-00A0C91BC942}") = "INSTALL", "build/INSTALL.vcxproj", "{B6B50036-B715-313F-8C20-2E1EF1755446}"
	ProjectSection(ProjectDependencies) = postProject
		{4F3948EE-2E93-3B1F-B9DC-EAE49801C21A} = {4F3948EE-2E93-3B1F-B9DC-EAE49801C21A}
		{D2A08EF1-34EA-3795-95DC-DCF832F8E594} = {D2A08EF1-34EA-3795-95DC-DCF832F8E594}
	EndProjectSection
EndProject
Project("{8BC9CEB8-8B4A-11D0-8D11-00A0C91BC942}") = "RUN_TESTS", "build/RUN_TESTS.vcxproj", "{D46EEE40-C3BE-34DD-A221-525AD5ED0D3B}"
	ProjectSection(ProjectDependencies) = postProject
		{D2A08EF1-34EA-3795-95DC-DCF832F8E594} = {D2A08EF1-34EA-3795-95DC-DCF832F8E594}
	EndProjectSection
EndProject
Project("{8BC9CEB8-8B4A-11D0-8D11-00A0C91BC942}") = "ZERO_CHECK", "build/ZERO_CHECK.vcxproj", "{D2A08EF1-34EA-3795-95DC-DCF832F8E594}"
	ProjectSection(ProjectDependencies) = postProject
	EndProjectSection
EndProject
Project("{8BC9CEB8-8B4A-11D0-8D11-00A0C91BC942}") = "_meta", "build/_meta.vcxproj", "{92CABD1A-7076-3306-844F-DE83A22ED499}"
	ProjectSection(ProjectDependencies) = postProject
		{D2A08EF1-34EA-3795-95DC-DCF832F8E594} = {D2A08EF1-34EA-3795-95DC-DCF832F8E594}
	EndProjectSection
EndProject
Project("{8BC9CEB8-8B4A-11D0-8D11-00A0C91BC942}") = "charbuf", "build/charbuf.vcxproj", "{4E4F590E-A3BC-3A84-84D9-B4AE5651BB67}"
	ProjectSection(ProjectDependencies) = postProject
		{D2A08EF1-34EA-3795-95DC-DCF832F8E594} = {D2A08EF1-34EA-3795-95DC-DCF832F8E594}
		{6028EDC3-4327-3F6D-AEDA-671CCF746B9E} = {6028EDC3-4327-3F6D-AEDA-671CCF746B9E}
		{E0061B0D-03E8-30B4-974D-A068D4752F4F} = {E0061B0D-03E8-30B4-974D-A068D4752F4F}
		{FEB7EDE2-B829-3F0A-B2DE-A47B99B001E5} = {FEB7EDE2-B829-3F0A-B2DE-A47B99B001E5}
		{AE85635A-4CF5-384A-9AF4-96197F28C70B} = {AE85635A-4CF5-384A-9AF4-96197F28C70B}
	EndProjectSection
EndProject
Project("{8BC9CEB8-8B4A-11D0-8D11-00A0C91BC942}") = "dimapp", "build/dimapp.vcxproj", "{6028EDC3-4327-3F6D-AEDA-671CCF746B9E}"
	ProjectSection(ProjectDependencies) = postProject
		{D2A08EF1-34EA-3795-95DC-DCF832F8E594} = {D2A08EF1-34EA-3795-95DC-DCF832F8E594}
	EndProjectSection
EndProject
Project("{8BC9CEB8-8B4A-11D0-8D11-00A0C91BC942}") = "dimapp-cli", "build/dimapp-cli.vcxproj", "{E0061B0D-03E8-30B4-974D-A068D4752F4F}"
	ProjectSection(ProjectDependencies) = postProject
		{D2A08EF1-34EA-3795-95DC-DCF832F8E594} = {D2A08EF1-34EA-3795-95DC-DCF832F8E594}
	EndProjectSection
EndProject
Project("{8BC9CEB8-8B4A-11D0-8D11-00A0C91BC942}") = "dimapp-win8", "build/dimapp-win8.vcxproj", "{FEB7EDE2-B829-3F0A-B2DE-A47B99B001E5}"
	ProjectSection(ProjectDependencies) = postProject
		{D2A08EF1-34EA-3795-95DC-DCF832F8E594} = {D2A08EF1-34EA-3795-95DC-DCF832F8E594}
	EndProjectSection
EndProject
Project("{8BC9CEB8-8B4A-11D0-8D11-00A0C91BC942}") = "dimapp-xml", "build/dimapp-xml.vcxproj", "{AE85635A-4CF5-384A-9AF4-96197F28C70B}"
	ProjectSection(ProjectDependencies) = postProject
		{D2A08EF1-34EA-3795-95DC-DCF832F8E594} = {D2A08EF1-34EA-3795-95DC-DCF832F8E594}
	EndProjectSection
EndProject
Project("{8BC9CEB8-8B4A-11D0-8D11-00A0C91BC942}") = "h2srv", "build/h2srv.vcxproj", "{17C4908E-EE69-3E77-971F-1E33425CC2F0}"
	ProjectSection(ProjectDependencies) = postProject
		{D2A08EF1-34EA-3795-95DC-DCF832F8E594} = {D2A08EF1-34EA-3795-95DC-DCF832F8E594}
		{6028EDC3-4327-3F6D-AEDA-671CCF746B9E} = {6028EDC3-4327-3F6D-AEDA-671CCF746B9E}
		{E0061B0D-03E8-30B4-974D-A068D4752F4F} = {E0061B0D-03E8-30B4-974D-A068D4752F4F}
		{FEB7EDE2-B829-3F0A-B2DE-A47B99B001E5} = {FEB7EDE2-B829-3F0A-B2DE-A47B99B001E5}
		{AE85635A-4CF5-384A-9AF4-96197F28C70B} = {AE85635A-4CF5-384A-9AF4-96197F28C70B}
	EndProjectSection
EndProject
Project("{8BC9CEB8-8B4A-11D0-8D11-00A0C91BC942}") = "hpack", "build/hpack.vcxproj", "{A82D6FFF-4815-39B0-B671-C5EB1FACD26E}"
	ProjectSection(ProjectDependencies) = postProject
		{D2A08EF1-34EA-3795-95DC-DCF832F8E594} = {D2A08EF1-34EA-3795-95DC-DCF832F8E594}
		{6028EDC3-4327-3F6D-AEDA-671CCF746B9E} = {6028EDC3-4327-3F6D-AEDA-671CCF746B9E}
		{E0061B0D-03E8-30B4-974D-A068D4752F4F} = {E0061B0D-03E8-30B4-974D-A068D4752F4F}
		{FEB7EDE2-B829-3F0A-B2DE-A47B99B001E5} = {FEB7EDE2-B829-3F0A-B2DE-A47B99B001E5}
		{AE85635A-4CF5-384A-9AF4-96197F28C70B} = {AE85635A-4CF5-384A-9AF4-96197F28C70B}
	EndProjectSection
EndProject
Project("{8BC9CEB8-8B4A-11D0-8D11-00A0C91BC942}") = "http", "build/http.vcxproj", "{3EF9B2D2-106D-37DA-B72B-9821A5443210}"
	ProjectSection(ProjectDependencies) = postProject
		{D2A08EF1-34EA-3795-95DC-DCF832F8E594} = {D2A08EF1-34EA-3795-95DC-DCF832F8E594}
		{6028EDC3-4327-3F6D-AEDA-671CCF746B9E} = {6028EDC3-4327-3F6D-AEDA-671CCF746B9E}
		{E0061B0D-03E8-30B4-974D-A068D4752F4F} = {E0061B0D-03E8-30B4-974D-A068D4752F4F}
		{FEB7EDE2-B829-3F0A-B2DE-A47B99B001E5} = {FEB7EDE2-B829-3F0A-B2DE-A47B99B001E5}
		{AE85635A-4CF5-384A-9AF4-96197F28C70B} = {AE85635A-4CF5-384A-9AF4-96197F28C70B}
	EndProjectSection
EndProject
Project("{8BC9CEB8-8B4A-11D0-8D11-00A0C91BC942}") = "pargen", "build/pargen.vcxproj", "{179D4B8D-0AEC-3269-B063-F313218D2880}"
	ProjectSection(ProjectDependencies) = postProject
		{D2A08EF1-34EA-3795-95DC-DCF832F8E594} = {D2A08EF1-34EA-3795-95DC-DCF832F8E594}
		{6028EDC3-4327-3F6D-AEDA-671CCF746B9E} = {6028EDC3-4327-3F6D-AEDA-671CCF746B9E}
		{E0061B0D-03E8-30B4-974D-A068D4752F4F} = {E0061B0D-03E8-30B4-974D-A068D4752F4F}
		{FEB7EDE2-B829-3F0A-B2DE-A47B99B001E5} = {FEB7EDE2-B829-3F0A-B2DE-A47B99B001E5}
		{AE85635A-4CF5-384A-9AF4-96197F28C70B} = {AE85635A-4CF5-384A-9AF4-96197F28C70B}
	EndProjectSection
EndProject
Project("{8BC9CEB8-8B4A-11D0-8D11-00A0C91BC942}") = "tls", "build/tls.vcxproj", "{C6EEEF22-13B2-3D50-BD0A-5A6A750E0868}"
	ProjectSection(ProjectDependencies) = postProject
		{D2A08EF1-34EA-3795-95DC-DCF832F8E594} = {D2A08EF1-34EA-3795-95DC-DCF832F8E594}
		{6028EDC3-4327-3F6D-AEDA-671CCF746B9E} = {6028EDC3-4327-3F6D-AEDA-671CCF746B9E}
		{E0061B0D-03E8-30B4-974D-A068D4752F4F} = {E0061B0D-03E8-30B4-974D-A068D4752F4F}
		{FEB7EDE2-B829-3F0A-B2DE-A47B99B001E5} = {FEB7EDE2-B829-3F0A-B2DE-A47B99B001E5}
		{AE85635A-4CF5-384A-9AF4-96197F28C70B} = {AE85635A-4CF5-384A-9AF4-96197F28C70B}
	EndProjectSection
EndProject
Project("{8BC9CEB8-8B4A-11D0-8D11-00A0C91BC942}") = "tnet", "build/tnet.vcxproj", "{88B0F79C-2EA6-3280-92C2-0797DFB5C8FB}"
	ProjectSection(ProjectDependencies) = postProject
		{D2A08EF1-34EA-3795-95DC-DCF832F8E594} = {D2A08EF1-34EA-3795-95DC-DCF832F8E594}
		{6028EDC3-4327-3F6D-AEDA-671CCF746B9E} = {6028EDC3-4327-3F6D-AEDA-671CCF746B9E}
		{E0061B0D-03E8-30B4-974D-A068D4752F4F} = {E0061B0D-03E8-30B4-974D-A068D4752F4F}
		{FEB7EDE2-B829-3F0A-B2DE-A47B99B001E5} = {FEB7EDE2-B829-3F0A-B2DE-A47B99B001E5}
		{AE85635A-4CF5-384A-9AF4-96197F28C70B} = {AE85635A-4CF5-384A-9AF4-96197F28C70B}
	EndProjectSection
EndProject
Project("{8BC9CEB8-8B4A-11D0-8D11-00A0C91BC942}") = "xml", "build/xml.vcxproj", "{D5E00AD2-2C85-321F-A189-EA7668F87A8C}"
	ProjectSection(ProjectDependencies) = postProject
		{D2A08EF1-34EA-3795-95DC-DCF832F8E594} = {D2A08EF1-34EA-3795-95DC-DCF832F8E594}
		{6028EDC3-4327-3F6D-AEDA-671CCF746B9E} = {6028EDC3-4327-3F6D-AEDA-671CCF746B9E}
		{E0061B0D-03E8-30B4-974D-A068D4752F4F} = {E0061B0D-03E8-30B4-974D-A068D4752F4F}
		{FEB7EDE2-B829-3F0A-B2DE-A47B99B001E5} = {FEB7EDE2-B829-3F0A-B2DE-A47B99B001E5}
		{AE85635A-4CF5-384A-9AF4-96197F28C70B} = {AE85635A-4CF5-384A-9AF4-96197F28C70B}
	EndProjectSection
EndProject
Global
	GlobalSection(SolutionConfigurationPlatforms) = preSolution
		Debug|x64 = Debug|x64
		Release|x64 = Release|x64
	EndGlobalSection
	GlobalSection(ProjectConfigurationPlatforms) = postSolution
		{4F3948EE-2E93-3B1F-B9DC-EAE49801C21A}.Debug|x64.ActiveCfg = Debug|x64
		{4F3948EE-2E93-3B1F-B9DC-EAE49801C21A}.Debug|x64.Build.0 = Debug|x64
		{4F3948EE-2E93-3B1F-B9DC-EAE49801C21A}.Release|x64.ActiveCfg = Release|x64
		{4F3948EE-2E93-3B1F-B9DC-EAE49801C21A}.Release|x64.Build.0 = Release|x64
		{B6B50036-B715-313F-8C20-2E1EF1755446}.Debug|x64.ActiveCfg = Debug|x64
		{B6B50036-B715-313F-8C20-2E1EF1755446}.Release|x64.ActiveCfg = Release|x64
		{D46EEE40-C3BE-34DD-A221-525AD5ED0D3B}.Debug|x64.ActiveCfg = Debug|x64
		{D46EEE40-C3BE-34DD-A221-525AD5ED0D3B}.Release|x64.ActiveCfg = Release|x64
		{D2A08EF1-34EA-3795-95DC-DCF832F8E594}.Debug|x64.ActiveCfg = Debug|x64
		{D2A08EF1-34EA-3795-95DC-DCF832F8E594}.Debug|x64.Build.0 = Debug|x64
		{D2A08EF1-34EA-3795-95DC-DCF832F8E594}.Release|x64.ActiveCfg = Release|x64
		{D2A08EF1-34EA-3795-95DC-DCF832F8E594}.Release|x64.Build.0 = Release|x64
		{92CABD1A-7076-3306-844F-DE83A22ED499}.Debug|x64.ActiveCfg = Debug|x64
		{92CABD1A-7076-3306-844F-DE83A22ED499}.Release|x64.ActiveCfg = Release|x64
		{4E4F590E-A3BC-3A84-84D9-B4AE5651BB67}.Debug|x64.ActiveCfg = Debug|x64
		{4E4F590E-A3BC-3A84-84D9-B4AE5651BB67}.Debug|x64.Build.0 = Debug|x64
		{4E4F590E-A3BC-3A84-84D9-B4AE5651BB67}.Release|x64.ActiveCfg = Release|x64
		{4E4F590E-A3BC-3A84-84D9-B4AE5651BB67}.Release|x64.Build.0 = Release|x64
		{6028EDC3-4327-3F6D-AEDA-671CCF746B9E}.Debug|x64.ActiveCfg = Debug|x64
		{6028EDC3-4327-3F6D-AEDA-671CCF746B9E}.Debug|x64.Build.0 = Debug|x64
		{6028EDC3-4327-3F6D-AEDA-671CCF746B9E}.Release|x64.ActiveCfg = Release|x64
		{6028EDC3-4327-3F6D-AEDA-671CCF746B9E}.Release|x64.Build.0 = Release|x64
		{E0061B0D-03E8-30B4-974D-A068D4752F4F}.Debug|x64.ActiveCfg = Debug|x64
		{E0061B0D-03E8-30B4-974D-A068D4752F4F}.Debug|x64.Build.0 = Debug|x64
		{E0061B0D-03E8-30B4-974D-A068D4752F4F}.Release|x64.ActiveCfg = Release|x64
		{E0061B0D-03E8-30B4-974D-A068D4752F4F}.Release|x64.Build.0 = Release|x64
		{FEB7EDE2-B829-3F0A-B2DE-A47B99B001E5}.Debug|x64.ActiveCfg = Debug|x64
		{FEB7EDE2-B829-3F0A-B2DE-A47B99B001E5}.Debug|x64.Build.0 = Debug|x64
		{FEB7EDE2-B829-3F0A-B2DE-A47B99B001E5}.Release|x64.ActiveCfg = Release|x64
		{FEB7EDE2-B829-3F0A-B2DE-A47B99B001E5}.Release|x64.Build.0 = Release|x64
		{AE85635A-4CF5-384A-9AF4-96197F28C70B}.Debug|x64.ActiveCfg = Debug|x64
		{AE85635A-4CF5-384A-9AF4-96197F28C70B}.Debug|x64.Build.0 = Debug|x64
		{AE85635A-4CF5-384A-9AF4-96197F28C70B}.Release|x64.ActiveCfg = Release|x64
		{AE85635A-4CF5-384A-9AF4-96197F28C70B}.Release|x64.Build.0 = Release|x64
		{17C4908E-EE69-3E77-971F-1E33425CC2F0}.Debug|x64.ActiveCfg = Debug|x64
		{17C4908E-EE69-3E77-971F-1E33425CC2F0}.Debug|x64.Build.0 = Debug|x64
		{17C4908E-EE69-3E77-971F-1E33425CC2F0}.Release|x64.ActiveCfg = Release|x64
		{17C4908E-EE69-3E77-971F-1E33425CC2F0}.Release|x64.Build.0 = Release|x64
		{A82D6FFF-4815-39B0-B671-C5EB1FACD26E}.Debug|x64.ActiveCfg = Debug|x64
		{A82D6FFF-4815-39B0-B671-C5EB1FACD26E}.Debug|x64.Build.0 = Debug|x64
		{A82D6FFF-4815-39B0-B671-C5EB1FACD26E}.Release|x64.ActiveCfg = Release|x64
		{A82D6FFF-4815-39B0-B671-C5EB1FACD26E}.Release|x64.Build.0 = Release|x64
		{3EF9B2D2-106D-37DA-B72B-9821A5443210}.Debug|x64.ActiveCfg = Debug|x64
		{3EF9B2D2-106D-37DA-B72B-9821A5443210}.Debug|x64.Build.0 = Debug|x64
		{3EF9B2D2-106D-37DA-B72B-9821A5443210}.Release|x64.ActiveCfg = Release|x64
		{3EF9B2D2-106D-37DA-B72B-9821A5443210}.Release|x64.Build.0 = Release|x64
		{179D4B8D-0AEC-3269-B063-F313218D2880}.Debug|x64.ActiveCfg = Debug|x64
		{179D4B8D-0AEC-3269-B063-F313218D2880}.Debug|x64.Build.0 = Debug|x64
		{179D4B8D-0AEC-3269-B063-F313218D2880}.Release|x64.ActiveCfg = Release|x64
		{179D4B8D-0AEC-3269-B063-F313218D2880}.Release|x64.Build.0 = Release|x64
		{C6EEEF22-13B2-3D50-BD0A-5A6A750E0868}.Debug|x64.ActiveCfg = Debug|x64
		{C6EEEF22-13B2-3D50-BD0A-5A6A750E0868}.Debug|x64.Build.0 = Debug|x64
		{C6EEEF22-13B2-3D50-BD0A-5A6A750E0868}.Release|x64.ActiveCfg = Release|x64
		{C6EEEF22-13B2-3D50-BD0A-5A6A750E0868}.Release|x64.Build.0 = Release|x64
		{88B0F79C-2EA6-3280-92C2-0797DFB5C8FB}.Debug|x64.ActiveCfg = Debug|x64
		{88B0F79C-2EA6-3280-92C2-0797DFB5C8FB}.Debug|x64.Build.0 = Debug|x64
		{88B0F79C-2EA6-3280-92C2-0797DFB5C8FB}.Release|x64.ActiveCfg = Release|x64
		{88B0F79C-2EA6-3280-92C2-0797DFB5C8FB}.Release|x64.Build.0 = Release|x64
		{D5E00AD2-2C85-321F-A189-EA7668F87A8C}.Debug|x64.ActiveCfg = Debug|x64
		{D5E00AD2-2C85-321F-A189-EA7668F87A8C}.Debug|x64.Build.0 = Debug|x64
		{D5E00AD2-2C85-321F-A189-EA7668F87A8C}.Release|x64.ActiveCfg = Release|x64
		{D5E00AD2-2C85-321F-A189-EA7668F87A8C}.Release|x64.Build.0 = Release|x64
	EndGlobalSection
	GlobalSection(NestedProjects) = preSolution
		{4F3948EE-2E93-3B1F-B9DC-EAE49801C21A} = {0F7B7DB7-7581-3319-A753-3EAAAF8EA451}
		{B6B50036-B715-313F-8C20-2E1EF1755446} = {0F7B7DB7-7581-3319-A753-3EAAAF8EA451}
		{D46EEE40-C3BE-34DD-A221-525AD5ED0D3B} = {0F7B7DB7-7581-3319-A753-3EAAAF8EA451}
		{D2A08EF1-34EA-3795-95DC-DCF832F8E594} = {0F7B7DB7-7581-3319-A753-3EAAAF8EA451}
		{92CABD1A-7076-3306-844F-DE83A22ED499} = {24CCB9E7-F6F1-3645-BAA3-F29811AA3D71}
		{4E4F590E-A3BC-3A84-84D9-B4AE5651BB67} = {3EC60A63-9C85-35C1-BC4D-CB1103B0FE17}
		{A82D6FFF-4815-39B0-B671-C5EB1FACD26E} = {3EC60A63-9C85-35C1-BC4D-CB1103B0FE17}
		{3EF9B2D2-106D-37DA-B72B-9821A5443210} = {3EC60A63-9C85-35C1-BC4D-CB1103B0FE17}
		{C6EEEF22-13B2-3D50-BD0A-5A6A750E0868} = {3EC60A63-9C85-35C1-BC4D-CB1103B0FE17}
		{D5E00AD2-2C85-321F-A189-EA7668F87A8C} = {3EC60A63-9C85-35C1-BC4D-CB1103B0FE17}
		{17C4908E-EE69-3E77-971F-1E33425CC2F0} = {CFBBB745-C8CB-3122-9C97-E6A2148F7E7C}
		{179D4B8D-0AEC-3269-B063-F313218D2880} = {CFBBB745-C8CB-3122-9C97-E6A2148F7E7C}
		{88B0F79C-2EA6-3280-92C2-0797DFB5C8FB} = {CFBBB745-C8CB-3122-9C97-E6A2148F7E7C}
		{6028EDC3-4327-3F6D-AEDA-671CCF746B9E} = {F8DEF5AA-8A2E-36B2-8525-B74C19588577}
		{E0061B0D-03E8-30B4-974D-A068D4752F4F} = {F8DEF5AA-8A2E-36B2-8525-B74C19588577}
		{FEB7EDE2-B829-3F0A-B2DE-A47B99B001E5} = {F8DEF5AA-8A2E-36B2-8525-B74C19588577}
		{AE85635A-4CF5-384A-9AF4-96197F28C70B} = {F8DEF5AA-8A2E-36B2-8525-B74C19588577}
	EndGlobalSection
	GlobalSection(ExtensibilityGlobals) = postSolution
	EndGlobalSection
	GlobalSection(ExtensibilityAddIns) = postSolution
	EndGlobalSection
EndGlobal
